<?xml version="1.0" encoding="UTF-8"?>
<CodeBlocks_project_file>
	<FileVersion major="1" minor="6"/>
	<Project>
		<Option title="LUA"/>
		<Option makefile_is_custom="1"/>
		<Option compiler="gcc"/>
		<Option virtualFolders="CMake Files\;CMake Files\lua\;CMake Files\lua\src\;CMake Files\MQTT\;CMake Files\sqlite\;"/>
		<Build>
			<Target title="all">
				<Option working_dir="/home/simon/Dropbox/domoticz-master_24_7_17/lua"/>
				<Option type="4"/>
				<MakeCommands>
					<Build command="/usr/bin/make -j4 -f &quot;/home/simon/Dropbox/domoticz-master_24_7_17/lua/Makefile&quot;  VERBOSE=1 all"/>
					<CompileFile command="/usr/bin/make -j4 -f &quot;/home/simon/Dropbox/domoticz-master_24_7_17/lua/Makefile&quot;  VERBOSE=1 &quot;$file&quot;"/>
					<Clean command="/usr/bin/make -j4 -f &quot;/home/simon/Dropbox/domoticz-master_24_7_17/lua/Makefile&quot;  VERBOSE=1 clean"/>
					<DistClean command="/usr/bin/make -j4 -f &quot;/home/simon/Dropbox/domoticz-master_24_7_17/lua/Makefile&quot;  VERBOSE=1 clean"/>
				</MakeCommands>
			</Target>
			<Target title="lua">
				<Option output="/home/simon/Dropbox/domoticz-master_24_7_17/lua/src/liblua.a" prefix_auto="0" extension_auto="0"/>
				<Option working_dir="/home/simon/Dropbox/domoticz-master_24_7_17/lua/src"/>
				<Option object_output="./"/>
				<Option type="2"/>
				<Option compiler="gcc"/>
				<Compiler>
					<Add option="-DLUA_USE_LINUX"/>
					<Add directory="/usr/include/c++/6"/>
					<Add directory="/usr/include/x86_64-linux-gnu/c++/6"/>
					<Add directory="/usr/include/c++/6/backward"/>
					<Add directory="/usr/lib/gcc/x86_64-linux-gnu/6/include"/>
					<Add directory="/usr/local/include"/>
					<Add directory="/usr/lib/gcc/x86_64-linux-gnu/6/include-fixed"/>
					<Add directory="/usr/include/x86_64-linux-gnu"/>
					<Add directory="/usr/include"/>
				</Compiler>
				<MakeCommands>
					<Build command="/usr/bin/make -j4 -f &quot;/home/simon/Dropbox/domoticz-master_24_7_17/lua/src/Makefile&quot;  VERBOSE=1 lua"/>
					<CompileFile command="/usr/bin/make -j4 -f &quot;/home/simon/Dropbox/domoticz-master_24_7_17/lua/src/Makefile&quot;  VERBOSE=1 &quot;$file&quot;"/>
					<Clean command="/usr/bin/make -j4 -f &quot;/home/simon/Dropbox/domoticz-master_24_7_17/lua/src/Makefile&quot;  VERBOSE=1 clean"/>
					<DistClean command="/usr/bin/make -j4 -f &quot;/home/simon/Dropbox/domoticz-master_24_7_17/lua/src/Makefile&quot;  VERBOSE=1 clean"/>
				</MakeCommands>
			</Target>
			<Target title="lua/fast">
				<Option output="/home/simon/Dropbox/domoticz-master_24_7_17/lua/src/liblua.a" prefix_auto="0" extension_auto="0"/>
				<Option working_dir="/home/simon/Dropbox/domoticz-master_24_7_17/lua/src"/>
				<Option object_output="./"/>
				<Option type="2"/>
				<Option compiler="gcc"/>
				<Compiler>
					<Add option="-DLUA_USE_LINUX"/>
					<Add directory="/usr/include/c++/6"/>
					<Add directory="/usr/include/x86_64-linux-gnu/c++/6"/>
					<Add directory="/usr/include/c++/6/backward"/>
					<Add directory="/usr/lib/gcc/x86_64-linux-gnu/6/include"/>
					<Add directory="/usr/local/include"/>
					<Add directory="/usr/lib/gcc/x86_64-linux-gnu/6/include-fixed"/>
					<Add directory="/usr/include/x86_64-linux-gnu"/>
					<Add directory="/usr/include"/>
				</Compiler>
				<MakeCommands>
					<Build command="/usr/bin/make -j4 -f &quot;/home/simon/Dropbox/domoticz-master_24_7_17/lua/src/Makefile&quot;  VERBOSE=1 lua/fast"/>
					<CompileFile command="/usr/bin/make -j4 -f &quot;/home/simon/Dropbox/domoticz-master_24_7_17/lua/src/Makefile&quot;  VERBOSE=1 &quot;$file&quot;"/>
					<Clean command="/usr/bin/make -j4 -f &quot;/home/simon/Dropbox/domoticz-master_24_7_17/lua/src/Makefile&quot;  VERBOSE=1 clean"/>
					<DistClean command="/usr/bin/make -j4 -f &quot;/home/simon/Dropbox/domoticz-master_24_7_17/lua/src/Makefile&quot;  VERBOSE=1 clean"/>
				</MakeCommands>
			</Target>
		</Build>
		<Unit filename="/home/simon/Dropbox/domoticz-master_24_7_17/lua/src/lapi.c">
			<Option target="lua"/>
		</Unit>
		<Unit filename="/home/simon/Dropbox/domoticz-master_24_7_17/lua/src/lapi.h">
			<Option target="lua"/>
		</Unit>
		<Unit filename="/home/simon/Dropbox/domoticz-master_24_7_17/lua/src/lauxlib.c">
			<Option target="lua"/>
		</Unit>
		<Unit filename="/home/simon/Dropbox/domoticz-master_24_7_17/lua/src/lauxlib.h">
			<Option target="lua"/>
		</Unit>
		<Unit filename="/home/simon/Dropbox/domoticz-master_24_7_17/lua/src/lbaselib.c">
			<Option target="lua"/>
		</Unit>
		<Unit filename="/home/simon/Dropbox/domoticz-master_24_7_17/lua/src/lbitlib.c">
			<Option target="lua"/>
		</Unit>
		<Unit filename="/home/simon/Dropbox/domoticz-master_24_7_17/lua/src/lcode.c">
			<Option target="lua"/>
		</Unit>
		<Unit filename="/home/simon/Dropbox/domoticz-master_24_7_17/lua/src/lcode.h">
			<Option target="lua"/>
		</Unit>
		<Unit filename="/home/simon/Dropbox/domoticz-master_24_7_17/lua/src/lcorolib.c">
			<Option target="lua"/>
		</Unit>
		<Unit filename="/home/simon/Dropbox/domoticz-master_24_7_17/lua/src/lctype.c">
			<Option target="lua"/>
		</Unit>
		<Unit filename="/home/simon/Dropbox/domoticz-master_24_7_17/lua/src/lctype.h">
			<Option target="lua"/>
		</Unit>
		<Unit filename="/home/simon/Dropbox/domoticz-master_24_7_17/lua/src/ldblib.c">
			<Option target="lua"/>
		</Unit>
		<Unit filename="/home/simon/Dropbox/domoticz-master_24_7_17/lua/src/ldebug.c">
			<Option target="lua"/>
		</Unit>
		<Unit filename="/home/simon/Dropbox/domoticz-master_24_7_17/lua/src/ldebug.h">
			<Option target="lua"/>
		</Unit>
		<Unit filename="/home/simon/Dropbox/domoticz-master_24_7_17/lua/src/ldo.c">
			<Option target="lua"/>
		</Unit>
		<Unit filename="/home/simon/Dropbox/domoticz-master_24_7_17/lua/src/ldo.h">
			<Option target="lua"/>
		</Unit>
		<Unit filename="/home/simon/Dropbox/domoticz-master_24_7_17/lua/src/ldump.c">
			<Option target="lua"/>
		</Unit>
		<Unit filename="/home/simon/Dropbox/domoticz-master_24_7_17/lua/src/lfunc.c">
			<Option target="lua"/>
		</Unit>
		<Unit filename="/home/simon/Dropbox/domoticz-master_24_7_17/lua/src/lfunc.h">
			<Option target="lua"/>
		</Unit>
		<Unit filename="/home/simon/Dropbox/domoticz-master_24_7_17/lua/src/lgc.c">
			<Option target="lua"/>
		</Unit>
		<Unit filename="/home/simon/Dropbox/domoticz-master_24_7_17/lua/src/lgc.h">
			<Option target="lua"/>
		</Unit>
		<Unit filename="/home/simon/Dropbox/domoticz-master_24_7_17/lua/src/linit.c">
			<Option target="lua"/>
		</Unit>
		<Unit filename="/home/simon/Dropbox/domoticz-master_24_7_17/lua/src/liolib.c">
			<Option target="lua"/>
		</Unit>
		<Unit filename="/home/simon/Dropbox/domoticz-master_24_7_17/lua/src/llex.c">
			<Option target="lua"/>
		</Unit>
		<Unit filename="/home/simon/Dropbox/domoticz-master_24_7_17/lua/src/llex.h">
			<Option target="lua"/>
		</Unit>
		<Unit filename="/home/simon/Dropbox/domoticz-master_24_7_17/lua/src/lmathlib.c">
			<Option target="lua"/>
		</Unit>
		<Unit filename="/home/simon/Dropbox/domoticz-master_24_7_17/lua/src/lmem.c">
			<Option target="lua"/>
		</Unit>
		<Unit filename="/home/simon/Dropbox/domoticz-master_24_7_17/lua/src/lmem.h">
			<Option target="lua"/>
		</Unit>
		<Unit filename="/home/simon/Dropbox/domoticz-master_24_7_17/lua/src/loadlib.c">
			<Option target="lua"/>
		</Unit>
		<Unit filename="/home/simon/Dropbox/domoticz-master_24_7_17/lua/src/lobject.c">
			<Option target="lua"/>
		</Unit>
		<Unit filename="/home/simon/Dropbox/domoticz-master_24_7_17/lua/src/lobject.h">
			<Option target="lua"/>
		</Unit>
		<Unit filename="/home/simon/Dropbox/domoticz-master_24_7_17/lua/src/lopcodes.c">
			<Option target="lua"/>
		</Unit>
		<Unit filename="/home/simon/Dropbox/domoticz-master_24_7_17/lua/src/lopcodes.h">
			<Option target="lua"/>
		</Unit>
		<Unit filename="/home/simon/Dropbox/domoticz-master_24_7_17/lua/src/loslib.c">
			<Option target="lua"/>
		</Unit>
		<Unit filename="/home/simon/Dropbox/domoticz-master_24_7_17/lua/src/lparser.c">
			<Option target="lua"/>
		</Unit>
		<Unit filename="/home/simon/Dropbox/domoticz-master_24_7_17/lua/src/lparser.h">
			<Option target="lua"/>
		</Unit>
		<Unit filename="/home/simon/Dropbox/domoticz-master_24_7_17/lua/src/lstate.c">
			<Option target="lua"/>
		</Unit>
		<Unit filename="/home/simon/Dropbox/domoticz-master_24_7_17/lua/src/lstate.h">
			<Option target="lua"/>
		</Unit>
		<Unit filename="/home/simon/Dropbox/domoticz-master_24_7_17/lua/src/lstring.c">
			<Option target="lua"/>
		</Unit>
		<Unit filename="/home/simon/Dropbox/domoticz-master_24_7_17/lua/src/lstring.h">
			<Option target="lua"/>
		</Unit>
		<Unit filename="/home/simon/Dropbox/domoticz-master_24_7_17/lua/src/lstrlib.c">
			<Option target="lua"/>
		</Unit>
		<Unit filename="/home/simon/Dropbox/domoticz-master_24_7_17/lua/src/ltable.c">
			<Option target="lua"/>
		</Unit>
		<Unit filename="/home/simon/Dropbox/domoticz-master_24_7_17/lua/src/ltable.h">
			<Option target="lua"/>
		</Unit>
		<Unit filename="/home/simon/Dropbox/domoticz-master_24_7_17/lua/src/ltablib.c">
			<Option target="lua"/>
		</Unit>
		<Unit filename="/home/simon/Dropbox/domoticz-master_24_7_17/lua/src/ltm.c">
			<Option target="lua"/>
		</Unit>
		<Unit filename="/home/simon/Dropbox/domoticz-master_24_7_17/lua/src/ltm.h">
			<Option target="lua"/>
		</Unit>
		<Unit filename="/home/simon/Dropbox/domoticz-master_24_7_17/lua/src/lundump.c">
			<Option target="lua"/>
		</Unit>
		<Unit filename="/home/simon/Dropbox/domoticz-master_24_7_17/lua/src/lundump.h">
			<Option target="lua"/>
		</Unit>
		<Unit filename="/home/simon/Dropbox/domoticz-master_24_7_17/lua/src/lvm.c">
			<Option target="lua"/>
		</Unit>
		<Unit filename="/home/simon/Dropbox/domoticz-master_24_7_17/lua/src/lvm.h">
			<Option target="lua"/>
		</Unit>
		<Unit filename="/home/simon/Dropbox/domoticz-master_24_7_17/lua/src/lzio.c">
			<Option target="lua"/>
		</Unit>
		<Unit filename="/home/simon/Dropbox/domoticz-master_24_7_17/lua/src/lzio.h">
			<Option target="lua"/>
		</Unit>
		<Unit filename="/home/simon/Dropbox/domoticz-master_24_7_17/CMakeLists.txt">
			<Option virtualFolder="CMake Files\"/>
		</Unit>
		<Unit filename="/home/simon/Dropbox/domoticz-master_24_7_17/lua/CMakeLists.txt">
			<Option virtualFolder="CMake Files\lua\"/>
		</Unit>
		<Unit filename="/home/simon/Dropbox/domoticz-master_24_7_17/lua/CMakeLists.txt">
			<Option virtualFolder="CMake Files\lua\"/>
		</Unit>
		<Unit filename="/home/simon/Dropbox/domoticz-master_24_7_17/lua/src/CMakeLists.txt">
			<Option virtualFolder="CMake Files\lua\src\"/>
		</Unit>
		<Unit filename="/home/simon/Dropbox/domoticz-master_24_7_17/lua/src/CMakeLists.txt">
			<Option virtualFolder="CMake Files\lua\src\"/>
		</Unit>
		<Unit filename="/home/simon/Dropbox/domoticz-master_24_7_17/MQTT/CMakeLists.txt">
			<Option virtualFolder="CMake Files\MQTT\"/>
		</Unit>
		<Unit filename="/home/simon/Dropbox/domoticz-master_24_7_17/MQTT/CMakeLists.txt">
			<Option virtualFolder="CMake Files\MQTT\"/>
		</Unit>
		<Unit filename="/home/simon/Dropbox/domoticz-master_24_7_17/sqlite/CMakeLists.txt">
			<Option virtualFolder="CMake Files\sqlite\"/>
		</Unit>
		<Unit filename="/home/simon/Dropbox/domoticz-master_24_7_17/sqlite/CMakeLists.txt">
			<Option virtualFolder="CMake Files\sqlite\"/>
		</Unit>
	</Project>
</CodeBlocks_project_file>
